// !$*UTF8*$!
{
	archiveVersion = 1;
	classes = {
	};
	objectVersion = 46;
	objects = {

/* Begin PBXBuildFile section */
		D951695F1C0BB571004582AD /* AppDelegate.swift in Sources */ = {isa = PBXBuildFile; fileRef = D951695E1C0BB571004582AD /* AppDelegate.swift */; };
		D95169611C0BB571004582AD /* ViewController.swift in Sources */ = {isa = PBXBuildFile; fileRef = D95169601C0BB571004582AD /* ViewController.swift */; };
		D95169641C0BB571004582AD /* Main.storyboard in Resources */ = {isa = PBXBuildFile; fileRef = D95169621C0BB571004582AD /* Main.storyboard */; };
		D95169661C0BB571004582AD /* Assets.xcassets in Resources */ = {isa = PBXBuildFile; fileRef = D95169651C0BB571004582AD /* Assets.xcassets */; };
		D95169691C0BB571004582AD /* LaunchScreen.storyboard in Resources */ = {isa = PBXBuildFile; fileRef = D95169671C0BB571004582AD /* LaunchScreen.storyboard */; };
		D95169741C0BB571004582AD /* Perfect_PitchTests.swift in Sources */ = {isa = PBXBuildFile; fileRef = D95169731C0BB571004582AD /* Perfect_PitchTests.swift */; };
/* End PBXBuildFile section */

/* Begin PBXContainerItemProxy section */
		D95169701C0BB571004582AD /* PBXContainerItemProxy */ = {
			isa = PBXContainerItemProxy;
			containerPortal = D95169531C0BB571004582AD /* Project object */;
			proxyType = 1;
			remoteGlobalIDString = D951695A1C0BB571004582AD;
			remoteInfo = "Perfect Pitch";
		};
/* End PBXContainerItemProxy section */

/* Begin PBXFileReference section */
		D951695B1C0BB571004582AD /* Perfect Pitch.app */ = {isa = PBXFileReference; explicitFileType = wrapper.application; includeInIndex = 0; path = "Perfect Pitch.app"; sourceTree = BUILT_PRODUCTS_DIR; };
		D951695E1C0BB571004582AD /* AppDelegate.swift */ = {isa = PBXFileReference; lastKnownFileType = sourcecode.swift; path = AppDelegate.swift; sourceTree = "<group>"; };
		D95169601C0BB571004582AD /* ViewController.swift */ = {isa = PBXFileReference; lastKnownFileType = sourcecode.swift; path = ViewController.swift; sourceTree = "<group>"; };
		D95169631C0BB571004582AD /* Base */ = {isa = PBXFileReference; lastKnownFileType = file.storyboard; name = Base; path = Base.lproj/Main.storyboard; sourceTree = "<group>"; };
		D95169651C0BB571004582AD /* Assets.xcassets */ = {isa = PBXFileReference; lastKnownFileType = folder.assetcatalog; path = Assets.xcassets; sourceTree = "<group>"; };
		D95169681C0BB571004582AD /* Base */ = {isa = PBXFileReference; lastKnownFileType = file.storyboard; name = Base; path = Base.lproj/LaunchScreen.storyboard; sourceTree = "<group>"; };
		D951696A1C0BB571004582AD /* Info.plist */ = {isa = PBXFileReference; lastKnownFileType = text.plist.xml; path = Info.plist; sourceTree = "<group>"; };
		D951696F1C0BB571004582AD /* Perfect PitchTests.xctest */ = {isa = PBXFileReference; explicitFileType = wrapper.cfbundle; includeInIndex = 0; path = "Perfect PitchTests.xctest"; sourceTree = BUILT_PRODUCTS_DIR; };
		D95169731C0BB571004582AD /* Perfect_PitchTests.swift */ = {isa = PBXFileReference; lastKnownFileType = sourcecode.swift; path = Perfect_PitchTests.swift; sourceTree = "<group>"; };
		D95169751C0BB571004582AD /* Info.plist */ = {isa = PBXFileReference; lastKnownFileType = text.plist.xml; path = Info.plist; sourceTree = "<group>"; };
/* End PBXFileReference section */

/* Begin PBXFrameworksBuildPhase section */
		D95169581C0BB571004582AD /* Frameworks */ = {
			isa = PBXFrameworksBuildPhase;
			buildActionMask = 2147483647;
			files = (
			);
			runOnlyForDeploymentPostprocessing = 0;
		};
		D951696C1C0BB571004582AD /* Frameworks */ = {
			isa = PBXFrameworksBuildPhase;
			buildActionMask = 2147483647;
			files = (
			);
			runOnlyForDeploymentPostprocessing = 0;
		};
/* End PBXFrameworksBuildPhase section */

/* Begin PBXGroup section */
		D95169521C0BB571004582AD = {
			isa = PBXGroup;
			children = (
				D951695D1C0BB571004582AD /* Perfect Pitch */,
				D95169721C0BB571004582AD /* Perfect PitchTests */,
				D951695C1C0BB571004582AD /* Products */,
			);
			sourceTree = "<group>";
		};
		D951695C1C0BB571004582AD /* Products */ = {
			isa = PBXGroup;
			children = (
				D951695B1C0BB571004582AD /* Perfect Pitch.app */,
				D951696F1C0BB571004582AD /* Perfect PitchTests.xctest */,
			);
			name = Products;
			sourceTree = "<group>";
		};
		D951695D1C0BB571004582AD /* Perfect Pitch */ = {
			isa = PBXGroup;
			children = (
				D951695E1C0BB571004582AD /* AppDelegate.swift */,
				D95169601C0BB571004582AD /* ViewController.swift */,
				D95169621C0BB571004582AD /* Main.storyboard */,
				D95169651C0BB571004582AD /* Assets.xcassets */,
				D95169671C0BB571004582AD /* LaunchScreen.storyboard */,
				D951696A1C0BB571004582AD /* Info.plist */,
			);
			path = "Perfect Pitch";
			sourceTree = "<group>";
		};
		D95169721C0BB571004582AD /* Perfect PitchTests */ = {
			isa = PBXGroup;
			children = (
				D95169731C0BB571004582AD /* Perfect_PitchTests.swift */,
				D95169751C0BB571004582AD /* Info.plist */,
			);
			path = "Perfect PitchTests";
			sourceTree = "<group>";
		};
/* End PBXGroup section */

/* Begin PBXNativeTarget section */
		D951695A1C0BB571004582AD /* Perfect Pitch */ = {
			isa = PBXNativeTarget;
			buildConfigurationList = D95169781C0BB571004582AD /* Build configuration list for PBXNativeTarget "Perfect Pitch" */;
			buildPhases = (
				D95169571C0BB571004582AD /* Sources */,
				D95169581C0BB571004582AD /* Frameworks */,
				D95169591C0BB571004582AD /* Resources */,
			);
			buildRules = (
			);
			dependencies = (
			);
			name = "Perfect Pitch";
			productName = "Perfect Pitch";
			productReference = D951695B1C0BB571004582AD /* Perfect Pitch.app */;
			productType = "com.apple.product-type.application";
		};
		D951696E1C0BB571004582AD /* Perfect PitchTests */ = {
			isa = PBXNativeTarget;
			buildConfigurationList = D951697B1C0BB571004582AD /* Build configuration list for PBXNativeTarget "Perfect PitchTests" */;
			buildPhases = (
				D951696B1C0BB571004582AD /* Sources */,
				D951696C1C0BB571004582AD /* Frameworks */,
				D951696D1C0BB571004582AD /* Resources */,
			);
			buildRules = (
			);
			dependencies = (
				D95169711C0BB571004582AD /* PBXTargetDependency */,
			);
			name = "Perfect PitchTests";
			productName = "Perfect PitchTests";
			productReference = D951696F1C0BB571004582AD /* Perfect PitchTests.xctest */;
			productType = "com.apple.product-type.bundle.unit-test";
		};
/* End PBXNativeTarget section */

/* Begin PBXProject section */
		D95169531C0BB571004582AD /* Project object */ = {
			isa = PBXProject;
			attributes = {
				LastSwiftUpdateCheck = 0710;
				LastUpgradeCheck = 0710;
				ORGANIZATIONNAME = "Santiago Avila Arroyave";
				TargetAttributes = {
					D951695A1C0BB571004582AD = {
						CreatedOnToolsVersion = 7.1;
					};
					D951696E1C0BB571004582AD = {
						CreatedOnToolsVersion = 7.1;
						TestTargetID = D951695A1C0BB571004582AD;
					};
				};
			};
			buildConfigurationList = D95169561C0BB571004582AD /* Build configuration list for PBXProject "Perfect Pitch" */;
			compatibilityVersion = "Xcode 3.2";
			developmentRegion = English;
			hasScannedForEncodings = 0;
			knownRegions = (
				en,
				Base,
			);
			mainGroup = D95169521C0BB571004582AD;
			productRefGroup = D951695C1C0BB571004582AD /* Products */;
			projectDirPath = "";
			projectRoot = "";
			targets = (
				D951695A1C0BB571004582AD /* Perfect Pitch */,
				D951696E1C0BB571004582AD /* Perfect PitchTests */,
			);
		};
/* End PBXProject section */

/* Begin PBXResourcesBuildPhase section */
		D95169591C0BB571004582AD /* Resources */ = {
			isa = PBXResourcesBuildPhase;
			buildActionMask = 2147483647;
			files = (
				D95169691C0BB571004582AD /* LaunchScreen.storyboard in Resources */,
				D95169661C0BB571004582AD /* Assets.xcassets in Resources */,
				D95169641C0BB571004582AD /* Main.storyboard in Resources */,
			);
			runOnlyForDeploymentPostprocessing = 0;
		};
		D951696D1C0BB571004582AD /* Resources */ = {
			isa = PBXResourcesBuildPhase;
			buildActionMask = 2147483647;
			files = (
			);
			runOnlyForDeploymentPostprocessing = 0;
		};
/* End PBXResourcesBuildPhase section */

/* Begin PBXSourcesBuildPhase section */
		D95169571C0BB571004582AD /* Sources */ = {
			isa = PBXSourcesBuildPhase;
			buildActionMask = 2147483647;
			files = (
				D95169611C0BB571004582AD /* ViewController.swift in Sources */,
				D951695F1C0BB571004582AD /* AppDelegate.swift in Sources */,
			);
			runOnlyForDeploymentPostprocessing = 0;
		};
		D951696B1C0BB571004582AD /* Sources */ = {
			isa = PBXSourcesBuildPhase;
			buildActionMask = 2147483647;
			files = (
				D95169741C0BB571004582AD /* Perfect_PitchTests.swift in Sources */,
			);
			runOnlyForDeploymentPostprocessing = 0;
		};
/* End PBXSourcesBuildPhase section */

/* Begin PBXTargetDependency section */
		D95169711C0BB571004582AD /* PBXTargetDependency */ = {
			isa = PBXTargetDependency;
			target = D951695A1C0BB571004582AD /* Perfect Pitch */;
			targetProxy = D95169701C0BB571004582AD /* PBXContainerItemProxy */;
		};
/* End PBXTargetDependency section */

/* Begin PBXVariantGroup section */
		D95169621C0BB571004582AD /* Main.storyboard */ = {
			isa = PBXVariantGroup;
			children = (
				D95169631C0BB571004582AD /* Base */,
			);
			name = Main.storyboard;
			sourceTree = "<group>";
		};
		D95169671C0BB571004582AD /* LaunchScreen.storyboard */ = {
			isa = PBXVariantGroup;
			children = (
				D95169681C0BB571004582AD /* Base */,
			);
			name = LaunchScreen.storyboard;
			sourceTree = "<group>";
		};
/* End PBXVariantGroup section */

/* Begin XCBuildConfiguration section */
		D95169761C0BB571004582AD /* Debug */ = {
			isa = XCBuildConfiguration;
			buildSettings = {
				ALWAYS_SEARCH_USER_PATHS = NO;
				CLANG_CXX_LANGUAGE_STANDARD = "gnu++0x";
				CLANG_CXX_LIBRARY = "libc++";
				CLANG_ENABLE_MODULES = YES;
				CLANG_ENABLE_OBJC_ARC = YES;
				CLANG_WARN_BOOL_CONVERSION = YES;
				CLANG_WARN_CONSTANT_CONVERSION = YES;
				CLANG_WARN_DIRECT_OBJC_ISA_USAGE = YES_ERROR;
				CLANG_WARN_EMPTY_BODY = YES;
				CLANG_WARN_ENUM_CONVERSION = YES;
				CLANG_WARN_INT_CONVERSION = YES;
				CLANG_WARN_OBJC_ROOT_CLASS = YES_ERROR;
				CLANG_WARN_UNREACHABLE_CODE = YES;
				CLANG_WARN__DUPLICATE_METHOD_MATCH = YES;
				"CODE_SIGN_IDENTITY[sdk=iphoneos*]" = "iPhone Developer";
				COPY_PHASE_STRIP = NO;
				DEBUG_INFORMATION_FORMAT = dwarf;
				ENABLE_STRICT_OBJC_MSGSEND = YES;
				ENABLE_TESTABILITY = YES;
				GCC_C_LANGUAGE_STANDARD = gnu99;
				GCC_DYNAMIC_NO_PIC = NO;
				GCC_NO_COMMON_BLOCKS = YES;
				GCC_OPTIMIZATION_LEVEL = 0;
				GCC_PREPROCESSOR_DEFINITIONS = (
					"DEBUG=1",
					"$(inherited)",
				);
				GCC_WARN_64_TO_32_BIT_CONVERSION = YES;
				GCC_WARN_ABOUT_RETURN_TYPE = YES_ERROR;
				GCC_WARN_UNDECLARED_SELECTOR = YES;
				GCC_WARN_UNINITIALIZED_AUTOS = YES_AGGRESSIVE;
				GCC_WARN_UNUSED_FUNCTION = YES;
				GCC_WARN_UNUSED_VARIABLE = YES;
				IPHONEOS_DEPLOYMENT_TARGET = 9.1;
				MTL_ENABLE_DEBUG_INFO = YES;
				ONLY_ACTIVE_ARCH = YES;
				SDKROOT = iphoneos;
				SWIFT_OPTIMIZATION_LEVEL = "-Onone";
			};
			name = Debug;
		};
		D95169771C0BB571004582AD /* Release */ = {
			isa = XCBuildConfiguration;
			buildSettings = {
				ALWAYS_SEARCH_USER_PATHS = NO;
				CLANG_CXX_LANGUAGE_STANDARD = "gnu++0x";
				CLANG_CXX_LIBRARY = "libc++";
				CLANG_ENABLE_MODULES = YES;
				CLANG_ENABLE_OBJC_ARC = YES;
				CLANG_WARN_BOOL_CONVERSION = YES;
				CLANG_WARN_CONSTANT_CONVERSION = YES;
				CLANG_WARN_DIRECT_OBJC_ISA_USAGE = YES_ERROR;
				CLANG_WARN_EMPTY_BODY = YES;
				CLANG_WARN_ENUM_CONVERSION = YES;
				CLANG_WARN_INT_CONVERSION = YES;
				CLANG_WARN_OBJC_ROOT_CLASS = YES_ERROR;
				CLANG_WARN_UNREACHABLE_CODE = YES;
				CLANG_WARN__DUPLICATE_METHOD_MATCH = YES;
				"CODE_SIGN_IDENTITY[sdk=iphoneos*]" = "iPhone Developer";
				COPY_PHASE_STRIP = NO;
				DEBUG_INFORMATION_FORMAT = "dwarf-with-dsym";
				ENABLE_NS_ASSERTIONS = NO;
				ENABLE_STRICT_OBJC_MSGSEND = YES;
				GCC_C_LANGUAGE_STANDARD = gnu99;
				GCC_NO_COMMON_BLOCKS = YES;
				GCC_WARN_64_TO_32_BIT_CONVERSION = YES;
				GCC_WARN_ABOUT_RETURN_TYPE = YES_ERROR;
				GCC_WARN_UNDECLARED_SELECTOR = YES;
				GCC_WARN_UNINITIALIZED_AUTOS = YES_AGGRESSIVE;
				GCC_WARN_UNUSED_FUNCTION = YES;
				GCC_WARN_UNUSED_VARIABLE = YES;
				IPHONEOS_DEPLOYMENT_TARGET = 9.1;
				MTL_ENABLE_DEBUG_INFO = NO;
				SDKROOT = iphoneos;
				VALIDATE_PRODUCT = YES;
			};
			name = Release;
		};
		D95169791C0BB571004582AD /* Debug */ = {
			isa = XCBuildConfiguration;
			buildSettings = {
				ASSETCATALOG_COMPILER_APPICON_NAME = AppIcon;
				INFOPLIST_FILE = "Perfect Pitch/Info.plist";
				LD_RUNPATH_SEARCH_PATHS = "$(inherited) @executable_path/Frameworks";
				PRODUCT_BUNDLE_IDENTIFIER = "com.nanodegree.Perfect-Pitch";
				PRODUCT_NAME = "$(TARGET_NAME)";
			};
			name = Debug;
		};
		D951697A1C0BB571004582AD /* Release */ = {
			isa = XCBuildConfiguration;
			buildSettings = {
				ASSETCATALOG_COMPILER_APPICON_NAME = AppIcon;
				INFOPLIST_FILE = "Perfect Pitch/Info.plist";
				LD_RUNPATH_SEARCH_PATHS = "$(inherited) @executable_path/Frameworks";
				PRODUCT_BUNDLE_IDENTIFIER = "com.nanodegree.Perfect-Pitch";
				PRODUCT_NAME = "$(TARGET_NAME)";
			};
			name = Release;
		};
		D951697C1C0BB571004582AD /* Debug */ = {
			isa = XCBuildConfiguration;
			buildSettings = {
				BUNDLE_LOADER = "$(TEST_HOST)";
				INFOPLIST_FILE = "Perfect PitchTests/Info.plist";
				LD_RUNPATH_SEARCH_PATHS = "$(inherited) @executable_path/Frameworks @loader_path/Frameworks";
				PRODUCT_BUNDLE_IDENTIFIER = "com.nanodegree.Perfect-PitchTests";
				PRODUCT_NAME = "$(TARGET_NAME)";
				TEST_HOST = "$(BUILT_PRODUCTS_DIR)/Perfect Pitch.app/Perfect Pitch";
			};
			name = Debug;
		};
		D951697D1C0BB571004582AD /* Release */ = {
			isa = XCBuildConfiguration;
			buildSettings = {
				BUNDLE_LOADER = "$(TEST_HOST)";
				INFOPLIST_FILE = "Perfect PitchTests/Info.plist";
				LD_RUNPATH_SEARCH_PATHS = "$(inherited) @executable_path/Frameworks @loader_path/Frameworks";
				PRODUCT_BUNDLE_IDENTIFIER = "com.nanodegree.Perfect-PitchTests";
				PRODUCT_NAME = "$(TARGET_NAME)";
				TEST_HOST = "$(BUILT_PRODUCTS_DIR)/Perfect Pitch.app/Perfect Pitch";
			};
			name = Release;
		};
/* End XCBuildConfiguration section */

/* Begin XCConfigurationList section */
		D95169561C0BB571004582AD /* Build configuration list for PBXProject "Perfect Pitch" */ = {
			isa = XCConfigurationList;
			buildConfigurations = (
				D95169761C0BB571004582AD /* Debug */,
				D95169771C0BB571004582AD /* Release */,
			);
			defaultConfigurationIsVisible = 0;
			defaultConfigurationName = Release;
		};
		D95169781C0BB571004582AD /* Build configuration list for PBXNativeTarget "Perfect Pitch" */ = {
			isa = XCConfigurationList;
			buildConfigurations = (
				D95169791C0BB571004582AD /* Debug */,
				D951697A1C0BB571004582AD /* Release */,
			);
			defaultConfigurationIsVisible = 0;
		};
		D951697B1C0BB571004582AD /* Build configuration list for PBXNativeTarget "Perfect PitchTests" */ = {
			isa = XCConfigurationList;
			buildConfigurations = (
				D951697C1C0BB571004582AD /* Debug */,
				D951697D1C0BB571004582AD /* Release */,
			);
			defaultConfigurationIsVisible = 0;
		};
/* End XCConfigurationList section */
	};
	rootObject = D95169531C0BB571004582AD /* Project object */;
}
